version = 1
revision = 1
requires-python = ">=3.12"

[[package]]
name = "pillow"
version = "10.0.1"
source = { registry = "https://pypi.org/simple" }
sdist = { url = "https://files.pythonhosted.org/packages/64/9e/7e638579cce7dc346632f020914141a164a872be813481f058883ee8d421/Pillow-10.0.1.tar.gz", hash = "sha256:d72967b06be9300fed5cfbc8b5bafceec48bf7cdc7dab66b1d2549035287191d", size = 50528551 }
wheels = [
    { url = "https://files.pythonhosted.org/packages/a1/aa/16d01cc6c4de2b8a48b3ef14fc3a5a89b43b9b60cd7aef8407c3cbee8dcd/Pillow-10.0.1-cp312-cp312-macosx_10_10_x86_64.whl", hash = "sha256:bcf1207e2f2385a576832af02702de104be71301c2696d0012b1b93fe34aaa5b", size = 3729828 },
    { url = "https://files.pythonhosted.org/packages/5c/72/6d0a22c3f499e966f8b6b89842dfb915fb9449d0c9aa2b4e336259a7f00c/Pillow-10.0.1-cp312-cp312-macosx_11_0_arm64.whl", hash = "sha256:5d6c9049c6274c1bb565021367431ad04481ebb54872edecfcd6088d27edd6ed", size = 3280585 },
    { url = "https://files.pythonhosted.org/packages/54/4f/f38b5ca4a6bf209f32598796ef75b72afac3b9ee934898279d0a1ab39439/Pillow-10.0.1-cp312-cp312-manylinux_2_17_aarch64.manylinux2014_aarch64.whl", hash = "sha256:28444cb6ad49726127d6b340217f0627abc8732f1194fd5352dec5e6a0105635", size = 3411566 },
    { url = "https://files.pythonhosted.org/packages/7e/ea/45eb6c6d184183f560b26c5bd42c0601bf4b3c093762fdb3fd1c89769d23/Pillow-10.0.1-cp312-cp312-manylinux_2_17_x86_64.manylinux2014_x86_64.whl", hash = "sha256:de596695a75496deb3b499c8c4f8e60376e0516e1a774e7bc046f0f48cd620ad", size = 3487109 },
    { url = "https://files.pythonhosted.org/packages/ed/eb/fa2b371469b6301e1241472a34ede5f98ebdd256e99f88ba05bc1b0db888/Pillow-10.0.1-cp312-cp312-manylinux_2_28_aarch64.whl", hash = "sha256:2872f2d7846cf39b3dbff64bc1104cc48c76145854256451d33c5faa55c04d1a", size = 3462905 },
    { url = "https://files.pythonhosted.org/packages/0c/ce/3cceae2fab54118a5fcdfd9a2ddd0167c21169446c05378c5dc10b0d5093/Pillow-10.0.1-cp312-cp312-manylinux_2_28_x86_64.whl", hash = "sha256:4ce90f8a24e1c15465048959f1e94309dfef93af272633e8f37361b824532e91", size = 3608054 },
    { url = "https://files.pythonhosted.org/packages/26/d3/7a8e0c9c8dbef3354a45ab9164c26fc47a2884bbcec9bcc8504a7e0c7825/Pillow-10.0.1-cp312-cp312-musllinux_1_1_aarch64.whl", hash = "sha256:ee7810cf7c83fa227ba9125de6084e5e8b08c59038a7b2c9045ef4dde61663b4", size = 3549376 },
    { url = "https://files.pythonhosted.org/packages/2e/af/22305136707228776a5500d539ff6e0d7d0d2490ce8ef6905bd45e15e54b/Pillow-10.0.1-cp312-cp312-musllinux_1_1_x86_64.whl", hash = "sha256:b1be1c872b9b5fcc229adeadbeb51422a9633abd847c0ff87dc4ef9bb184ae08", size = 3588197 },
    { url = "https://files.pythonhosted.org/packages/00/00/d42abea0b4a415ea1e0975c981f95f354de1280d7e7bef3882bf1464b795/Pillow-10.0.1-cp312-cp312-win_amd64.whl", hash = "sha256:98533fd7fa764e5f85eebe56c8e4094db912ccbe6fbf3a58778d543cadd0db08", size = 2514032 },
]

[[package]]
name = "syword"
version = "0.1.0"
source = { virtual = "." }
dependencies = [
    { name = "pillow" },
]

[package.metadata]
requires-dist = [{ name = "pillow", specifier = "==10.0.1" }]
